
Microsoft Visual Studio Solution File, Format Version 12.00
# Visual Studio Version 17
VisualStudioVersion = 17.2.32602.215
MinimumVisualStudioVersion = 10.0.40219.1
Project("{FAE04EC0-301F-11D3-BF4B-00C04F79EFBC}") = "ConsoleApp1", "ConsoleApp1\ConsoleApp1.csproj", "{DA3B6804-AAFA-4228-BB82-8400433BF8DA}"
EndProject
Global
	GlobalSection(SolutionConfigurationPlatforms) = preSolution
		Debug|Any CPU = Debug|Any CPU
		Release|Any CPU = Release|Any CPU
	EndGlobalSection
	GlobalSection(ProjectConfigurationPlatforms) = postSolution
		{DA3B6804-AAFA-4228-BB82-8400433BF8DA}.Debug|Any CPU.ActiveCfg = Debug|Any CPU
		{DA3B6804-AAFA-4228-BB82-8400433BF8DA}.Debug|Any CPU.Build.0 = Debug|Any CPU
		{DA3B6804-AAFA-4228-BB82-8400433BF8DA}.Release|Any CPU.ActiveCfg = Release|Any CPU
		{DA3B6804-AAFA-4228-BB82-8400433BF8DA}.Release|Any CPU.Build.0 = Release|Any CPU
	EndGlobalSection
	GlobalSection(SolutionProperties) = preSolution
		HideSolutionNode = FALSE
	EndGlobalSection
	GlobalSection(ExtensibilityGlobals) = postSolution
		SolutionGuid = {2285DD56-0F78-4093-A6C0-F868DFF7F98E}
	EndGlobalSection
EndGlobal
