
Microsoft Visual Studio Solution File, Format Version 12.00
# Visual Studio Version 17
VisualStudioVersion = 17.2.32602.215
MinimumVisualStudioVersion = 10.0.40219.1
Project("{FAE04EC0-301F-11D3-BF4B-00C04F79EFBC}") = "02UnderstandingTypes", "02UnderstandingTypes\02UnderstandingTypes.csproj", "{247E4FE8-F77E-416C-9690-A2348220BF47}"
EndProject
Global
	GlobalSection(SolutionConfigurationPlatforms) = preSolution
		Debug|Any CPU = Debug|Any CPU
		Release|Any CPU = Release|Any CPU
	EndGlobalSection
	GlobalSection(ProjectConfigurationPlatforms) = postSolution
		{247E4FE8-F77E-416C-9690-A2348220BF47}.Debug|Any CPU.ActiveCfg = Debug|Any CPU
		{247E4FE8-F77E-416C-9690-A2348220BF47}.Debug|Any CPU.Build.0 = Debug|Any CPU
		{247E4FE8-F77E-416C-9690-A2348220BF47}.Release|Any CPU.ActiveCfg = Release|Any CPU
		{247E4FE8-F77E-416C-9690-A2348220BF47}.Release|Any CPU.Build.0 = Release|Any CPU
	EndGlobalSection
	GlobalSection(SolutionProperties) = preSolution
		HideSolutionNode = FALSE
	EndGlobalSection
	GlobalSection(ExtensibilityGlobals) = postSolution
		SolutionGuid = {6D767E58-6A12-41C2-A61F-4005B0103D40}
	EndGlobalSection
EndGlobal
