
Microsoft Visual Studio Solution File, Format Version 12.00
# Visual Studio Version 17
VisualStudioVersion = 17.2.32602.215
MinimumVisualStudioVersion = 10.0.40219.1
Project("{FAE04EC0-301F-11D3-BF4B-00C04F79EFBC}") = "02FibonacciSequence", "02FibonacciSequence\02FibonacciSequence.csproj", "{2A74EDAA-C782-42E6-824A-DCC93B11CF9A}"
EndProject
Global
	GlobalSection(SolutionConfigurationPlatforms) = preSolution
		Debug|Any CPU = Debug|Any CPU
		Release|Any CPU = Release|Any CPU
	EndGlobalSection
	GlobalSection(ProjectConfigurationPlatforms) = postSolution
		{2A74EDAA-C782-42E6-824A-DCC93B11CF9A}.Debug|Any CPU.ActiveCfg = Debug|Any CPU
		{2A74EDAA-C782-42E6-824A-DCC93B11CF9A}.Debug|Any CPU.Build.0 = Debug|Any CPU
		{2A74EDAA-C782-42E6-824A-DCC93B11CF9A}.Release|Any CPU.ActiveCfg = Release|Any CPU
		{2A74EDAA-C782-42E6-824A-DCC93B11CF9A}.Release|Any CPU.Build.0 = Release|Any CPU
	EndGlobalSection
	GlobalSection(SolutionProperties) = preSolution
		HideSolutionNode = FALSE
	EndGlobalSection
	GlobalSection(ExtensibilityGlobals) = postSolution
		SolutionGuid = {D83D0E8D-0B92-4F17-BCCC-DBB133A6931A}
	EndGlobalSection
EndGlobal
