
Microsoft Visual Studio Solution File, Format Version 12.00
# Visual Studio Version 17
VisualStudioVersion = 17.2.32602.215
MinimumVisualStudioVersion = 10.0.40219.1
Project("{FAE04EC0-301F-11D3-BF4B-00C04F79EFBC}") = "Application1", "Application1\Application1.csproj", "{60C73F0F-17E9-4E16-A6F9-82460DF9F130}"
EndProject
Global
	GlobalSection(SolutionConfigurationPlatforms) = preSolution
		Debug|Any CPU = Debug|Any CPU
		Release|Any CPU = Release|Any CPU
	EndGlobalSection
	GlobalSection(ProjectConfigurationPlatforms) = postSolution
		{60C73F0F-17E9-4E16-A6F9-82460DF9F130}.Debug|Any CPU.ActiveCfg = Debug|Any CPU
		{60C73F0F-17E9-4E16-A6F9-82460DF9F130}.Debug|Any CPU.Build.0 = Debug|Any CPU
		{60C73F0F-17E9-4E16-A6F9-82460DF9F130}.Release|Any CPU.ActiveCfg = Release|Any CPU
		{60C73F0F-17E9-4E16-A6F9-82460DF9F130}.Release|Any CPU.Build.0 = Release|Any CPU
	EndGlobalSection
	GlobalSection(SolutionProperties) = preSolution
		HideSolutionNode = FALSE
	EndGlobalSection
	GlobalSection(ExtensibilityGlobals) = postSolution
		SolutionGuid = {EB00E3C3-90DD-401F-8FE3-04054E2FA22F}
	EndGlobalSection
EndGlobal
