
Microsoft Visual Studio Solution File, Format Version 12.00
# Visual Studio Version 17
VisualStudioVersion = 17.2.32602.215
MinimumVisualStudioVersion = 10.0.40219.1
Project("{FAE04EC0-301F-11D3-BF4B-00C04F79EFBC}") = "04rotateArray", "04rotateArray\04rotateArray.csproj", "{233DBB5A-1E9A-4046-AE30-C1C92EE18518}"
EndProject
Global
	GlobalSection(SolutionConfigurationPlatforms) = preSolution
		Debug|Any CPU = Debug|Any CPU
		Release|Any CPU = Release|Any CPU
	EndGlobalSection
	GlobalSection(ProjectConfigurationPlatforms) = postSolution
		{233DBB5A-1E9A-4046-AE30-C1C92EE18518}.Debug|Any CPU.ActiveCfg = Debug|Any CPU
		{233DBB5A-1E9A-4046-AE30-C1C92EE18518}.Debug|Any CPU.Build.0 = Debug|Any CPU
		{233DBB5A-1E9A-4046-AE30-C1C92EE18518}.Release|Any CPU.ActiveCfg = Release|Any CPU
		{233DBB5A-1E9A-4046-AE30-C1C92EE18518}.Release|Any CPU.Build.0 = Release|Any CPU
	EndGlobalSection
	GlobalSection(SolutionProperties) = preSolution
		HideSolutionNode = FALSE
	EndGlobalSection
	GlobalSection(ExtensibilityGlobals) = postSolution
		SolutionGuid = {8AED17B2-72DB-4E62-BD57-B141A3E72006}
	EndGlobalSection
EndGlobal
